
Microsoft Visual Studio Solution File, Format Version 12.00
# Visual Studio Version 16
VisualStudioVersion = 16.0.31129.286
MinimumVisualStudioVersion = 10.0.40219.1
Project("{9A19103F-16F7-4668-BE54-9A1E7A4F7556}") = "SimpleExercise", "SimpleExercise\SimpleExercise.csproj", "{F4538F15-AEA5-4EED-B3A9-881A3D124E01}"
EndProject
Global
	GlobalSection(SolutionConfigurationPlatforms) = preSolution
		Debug|Any CPU = Debug|Any CPU
		Release|Any CPU = Release|Any CPU
	EndGlobalSection
	GlobalSection(ProjectConfigurationPlatforms) = postSolution
		{F4538F15-AEA5-4EED-B3A9-881A3D124E01}.Debug|Any CPU.ActiveCfg = Debug|Any CPU
		{F4538F15-AEA5-4EED-B3A9-881A3D124E01}.Debug|Any CPU.Build.0 = Debug|Any CPU
		{F4538F15-AEA5-4EED-B3A9-881A3D124E01}.Release|Any CPU.ActiveCfg = Release|Any CPU
		{F4538F15-AEA5-4EED-B3A9-881A3D124E01}.Release|Any CPU.Build.0 = Release|Any CPU
	EndGlobalSection
	GlobalSection(SolutionProperties) = preSolution
		HideSolutionNode = FALSE
	EndGlobalSection
	GlobalSection(ExtensibilityGlobals) = postSolution
		SolutionGuid = {DC494AF7-C3E1-451F-B89C-C387CB9EA70E}
	EndGlobalSection
EndGlobal
